{
  "name": "jsonprocess",
  "version": "1.0.0",
  "lockfileVersion": 3,
  "requires": true,
  "packages": {
    "": {
      "name": "jsonprocess",
      "version": "1.0.0",
      "license": "ISC",
      "dependencies": {
        "jsonstream": "^1.0.3"
      },
      "devDependencies": {
        "@types/jsonstream": "^0.8.33"
      }
    },
    "node_modules/@types/jsonstream": {
      "version": "0.8.33",
      "resolved": "https://registry.npmjs.org/@types/jsonstream/-/jsonstream-0.8.33.tgz",
      "integrity": "sha512-yhg1SNOgJ8y2nOkvAQ1zZ1Z2xibxgFs7984+EeBPuWgo/TbuYo79+rj2wUVch3KF4GhhcwAi/AlJcehmLCXb3g==",
      "dev": true,
      "license": "MIT",
      "dependencies": {
        "@types/node": "*"
      }
    },
    "node_modules/@types/node": {
      "version": "22.12.0",
      "resolved": "https://registry.npmjs.org/@types/node/-/node-22.12.0.tgz",
      "integrity": "sha512-Fll2FZ1riMjNmlmJOdAyY5pUbkftXslB5DgEzlIuNaiWhXd00FhWxVC/r4yV/4wBb9JfImTu+jiSvXTkJ7F/gA==",
      "dev": true,
      "license": "MIT",
      "dependencies": {
        "undici-types": "~6.20.0"
      }
    },
    "node_modules/jsonparse": {
      "version": "1.0.0",
      "resolved": "https://registry.npmjs.org/jsonparse/-/jsonparse-1.0.0.tgz",
      "integrity": "sha512-X8/pl4Q98FceotM1YzNYRcdRpYKgKB6nOKW9oNZk4qssFGfSxA6tUyPgEYsZA+MAQ8nR6nBZwE2GKpeeOIeN3A==",
      "engines": [
        "node >= 0.2.0"
      ],
      "license": "MIT"
    },
    "node_modules/jsonstream": {
      "version": "1.0.3",
      "resolved": "https://registry.npmjs.org/jsonstream/-/jsonstream-1.0.3.tgz",
      "integrity": "sha512-yMDWHPGzQRwdiXy6itGgemEviwAoDp5i78y7rdzUa9RVe01vLJku+byVtqxwwSvp1y9LYHWYd+8MkYvbeilCug==",
      "deprecated": "use JSONStream instead",
      "dependencies": {
        "jsonparse": "~1.0.0",
        "through": ">=2.2.7 <3"
      },
      "bin": {
        "jsonstream": "index.js"
      },
      "engines": {
        "node": "*"
      }
    },
    "node_modules/through": {
      "version": "2.3.8",
      "resolved": "https://registry.npmjs.org/through/-/through-2.3.8.tgz",
      "integrity": "sha512-w89qg7PI8wAdvX60bMDP+bFoD5Dvhm9oLheFp5O4a2QF0cSBGsBX4qZmadPMvVqlLJBBci+WqGGOAPvcDeNSVg==",
      "license": "MIT"
    },
    "node_modules/undici-types": {
      "version": "6.20.0",
      "resolved": "https://registry.npmjs.org/undici-types/-/undici-types-6.20.0.tgz",
      "integrity": "sha512-Ny6QZ2Nju20vw1SRHe3d9jVu6gJ+4e3+MMpqu7pqE5HT6WsTSlce++GQmK5UXS8mzV8DSYHrQH+Xrf2jVcuKNg==",
      "dev": true,
      "license": "MIT"
    }
  }
}
